{
  "version": 4,
  "terraform_version": "1.6.4",
  "serial": 3,
  "lineage": "f0310c70-6dc2-cac6-a233-be6be6b160f6",
  "outputs": {},
  "resources": [
    {
      "module": "module.metaphor",
      "mode": "managed",
      "type": "github_repository",
      "name": "repo",
      "provider": "provider[\"registry.terraform.io/integrations/github\"]",
      "instances": [
        {
          "schema_version": 1,
          "attributes": {
            "allow_auto_merge": false,
            "allow_merge_commit": true,
            "allow_rebase_merge": true,
            "allow_squash_merge": true,
            "allow_update_branch": false,
            "archive_on_destroy": false,
            "archived": false,
            "auto_init": false,
            "default_branch": "main",
            "delete_branch_on_merge": true,
            "description": "",
            "etag": "W/\"6359f59aff9c718886346e732694a612a639fa54cf115243829a88b29c44a6de\"",
            "full_name": "Pkan-Iv/metaphor",
            "git_clone_url": "git://github.com/Pkan-Iv/metaphor.git",
            "gitignore_template": null,
            "has_discussions": false,
            "has_downloads": false,
            "has_issues": true,
            "has_projects": false,
            "has_wiki": false,
            "homepage_url": "",
            "html_url": "https://github.com/Pkan-Iv/metaphor",
            "http_clone_url": "https://github.com/Pkan-Iv/metaphor.git",
            "id": "metaphor",
            "ignore_vulnerability_alerts_during_read": null,
            "is_template": false,
            "license_template": null,
            "merge_commit_message": "PR_TITLE",
            "merge_commit_title": "MERGE_MESSAGE",
            "name": "metaphor",
            "node_id": "R_kgDOKzENQQ",
            "pages": [],
            "private": true,
            "repo_id": 724634945,
            "security_and_analysis": [],
            "squash_merge_commit_message": "COMMIT_MESSAGES",
            "squash_merge_commit_title": "COMMIT_OR_PR_TITLE",
            "ssh_clone_url": "git@github.com:Pkan-Iv/metaphor.git",
            "svn_url": "https://github.com/Pkan-Iv/metaphor",
            "template": [],
            "topics": null,
            "visibility": "private",
            "vulnerability_alerts": false
          },
          "sensitive_attributes": [],
          "private": "eyJzY2hlbWFfdmVyc2lvbiI6IjEifQ=="
        }
      ]
    }
  ],
  "check_results": null
}
